
Microsoft Visual Studio Solution File, Format Version 12.00
# Visual Studio Version 17
VisualStudioVersion = 17.9.34728.123
MinimumVisualStudioVersion = 10.0.40219.1
Project("{9A19103F-16F7-4668-BE54-9A1E7A4F7556}") = "WebApplication1", "WebApplication1.csproj", "{4D0D6A17-D9EB-4B08-8CD4-39BF072B493E}"
EndProject
Global
	GlobalSection(SolutionConfigurationPlatforms) = preSolution
		Debug|Any CPU = Debug|Any CPU
		Release|Any CPU = Release|Any CPU
	EndGlobalSection
	GlobalSection(ProjectConfigurationPlatforms) = postSolution
		{4D0D6A17-D9EB-4B08-8CD4-39BF072B493E}.Debug|Any CPU.ActiveCfg = Debug|Any CPU
		{4D0D6A17-D9EB-4B08-8CD4-39BF072B493E}.Debug|Any CPU.Build.0 = Debug|Any CPU
		{4D0D6A17-D9EB-4B08-8CD4-39BF072B493E}.Release|Any CPU.ActiveCfg = Release|Any CPU
		{4D0D6A17-D9EB-4B08-8CD4-39BF072B493E}.Release|Any CPU.Build.0 = Release|Any CPU
	EndGlobalSection
	GlobalSection(SolutionProperties) = preSolution
		HideSolutionNode = FALSE
	EndGlobalSection
	GlobalSection(ExtensibilityGlobals) = postSolution
		SolutionGuid = {687B909D-7F08-4C02-B6AC-5B1C36EE49B2}
	EndGlobalSection
EndGlobal
